<Solution>
  <Folder Name="/Orchestration/">
    <Project Path="orchestration/RoadToMillion.AppHost/RoadToMillion.AppHost.csproj" />
    <Project Path="orchestration/RoadToMillion.ServiceDefaults/RoadToMillion.ServiceDefaults.csproj" />
  </Folder>
  <Project Path="src/RoadToMillion.Api/RoadToMillion.Api.csproj" />
  <Project Path="src/RoadToMillion.Web/RoadToMillion.Web.csproj" />
</Solution>
