<Solution>
  <Project Path="RoadToMillion.AppHost/RoadToMillion.AppHost.csproj" />
  <Project Path="RoadToMillion.ServiceDefaults/RoadToMillion.ServiceDefaults.csproj" />
  <Project Path="RoadToMillion.Api/RoadToMillion.Api.csproj" />
  <Project Path="RoadToMillion.Web/RoadToMillion.Web.csproj" />
</Solution>
